
Microsoft Visual Studio Solution File, Format Version 12.00
# Visual Studio Version 16
VisualStudioVersion = 16.0.31729.503
MinimumVisualStudioVersion = 10.0.40219.1
Project("{FAE04EC0-301F-11D3-BF4B-00C04F79EFBC}") = "EMI_RA", "EMI_RA\EMI_RA.csproj", "{EFA02874-73CE-43E2-90A1-587E897BD2A3}"
EndProject
Project("{FAE04EC0-301F-11D3-BF4B-00C04F79EFBC}") = "EMI_RA.DAL", "EMI_RA.DAL\EMI_RA.DAL.csproj", "{E1E3E8AA-A76A-4FCA-BA9E-5128F904550F}"
EndProject
Project("{FAE04EC0-301F-11D3-BF4B-00C04F79EFBC}") = "EMI_RA.Tests", "EMI_RA.Tests\EMI_RA.Tests.csproj", "{62A4796F-6935-4174-899F-15CB484C0591}"
EndProject
Global
	GlobalSection(SolutionConfigurationPlatforms) = preSolution
		Debug|Any CPU = Debug|Any CPU
		Release|Any CPU = Release|Any CPU
	EndGlobalSection
	GlobalSection(ProjectConfigurationPlatforms) = postSolution
		{EFA02874-73CE-43E2-90A1-587E897BD2A3}.Debug|Any CPU.ActiveCfg = Debug|Any CPU
		{EFA02874-73CE-43E2-90A1-587E897BD2A3}.Debug|Any CPU.Build.0 = Debug|Any CPU
		{EFA02874-73CE-43E2-90A1-587E897BD2A3}.Release|Any CPU.ActiveCfg = Release|Any CPU
		{EFA02874-73CE-43E2-90A1-587E897BD2A3}.Release|Any CPU.Build.0 = Release|Any CPU
		{E1E3E8AA-A76A-4FCA-BA9E-5128F904550F}.Debug|Any CPU.ActiveCfg = Debug|Any CPU
		{E1E3E8AA-A76A-4FCA-BA9E-5128F904550F}.Debug|Any CPU.Build.0 = Debug|Any CPU
		{E1E3E8AA-A76A-4FCA-BA9E-5128F904550F}.Release|Any CPU.ActiveCfg = Release|Any CPU
		{E1E3E8AA-A76A-4FCA-BA9E-5128F904550F}.Release|Any CPU.Build.0 = Release|Any CPU
		{62A4796F-6935-4174-899F-15CB484C0591}.Debug|Any CPU.ActiveCfg = Debug|Any CPU
		{62A4796F-6935-4174-899F-15CB484C0591}.Debug|Any CPU.Build.0 = Debug|Any CPU
		{62A4796F-6935-4174-899F-15CB484C0591}.Release|Any CPU.ActiveCfg = Release|Any CPU
		{62A4796F-6935-4174-899F-15CB484C0591}.Release|Any CPU.Build.0 = Release|Any CPU
	EndGlobalSection
	GlobalSection(SolutionProperties) = preSolution
		HideSolutionNode = FALSE
	EndGlobalSection
	GlobalSection(ExtensibilityGlobals) = postSolution
		SolutionGuid = {374E336E-2758-4FDE-8E1A-D3050D1D21C9}
	EndGlobalSection
EndGlobal
